
Microsoft Visual Studio Solution File, Format Version 12.00
# Visual Studio 15
VisualStudioVersion = 15.0.28010.2003
MinimumVisualStudioVersion = 10.0.40219.1
Project("{FAE04EC0-301F-11D3-BF4B-00C04F79EFBC}") = "program1", "program1\program1.csproj", "{FBEDB0E5-A020-4852-94C7-07C0612BA227}"
EndProject
Global
	GlobalSection(SolutionConfigurationPlatforms) = preSolution
		Debug|Any CPU = Debug|Any CPU
		Release|Any CPU = Release|Any CPU
	EndGlobalSection
	GlobalSection(ProjectConfigurationPlatforms) = postSolution
		{FBEDB0E5-A020-4852-94C7-07C0612BA227}.Debug|Any CPU.ActiveCfg = Debug|Any CPU
		{FBEDB0E5-A020-4852-94C7-07C0612BA227}.Debug|Any CPU.Build.0 = Debug|Any CPU
		{FBEDB0E5-A020-4852-94C7-07C0612BA227}.Release|Any CPU.ActiveCfg = Release|Any CPU
		{FBEDB0E5-A020-4852-94C7-07C0612BA227}.Release|Any CPU.Build.0 = Release|Any CPU
	EndGlobalSection
	GlobalSection(SolutionProperties) = preSolution
		HideSolutionNode = FALSE
	EndGlobalSection
	GlobalSection(ExtensibilityGlobals) = postSolution
		SolutionGuid = {8756C975-9BF6-451D-BC9D-EC7F27E55435}
	EndGlobalSection
EndGlobal
